
Microsoft Visual Studio Solution File, Format Version 12.00
Project("{FAE04EC0-301F-11D3-BF4B-00C04F79EFBC}") = "Lab-09-Roman-Qquelcca", "Lab-09-Roman-Qquelcca\Lab-09-Roman-Qquelcca.csproj", "{07287E82-C668-4827-83DF-221E7143453F}"
EndProject
Global
	GlobalSection(SolutionConfigurationPlatforms) = preSolution
		Debug|Any CPU = Debug|Any CPU
		Release|Any CPU = Release|Any CPU
	EndGlobalSection
	GlobalSection(ProjectConfigurationPlatforms) = postSolution
		{07287E82-C668-4827-83DF-221E7143453F}.Debug|Any CPU.ActiveCfg = Debug|Any CPU
		{07287E82-C668-4827-83DF-221E7143453F}.Debug|Any CPU.Build.0 = Debug|Any CPU
		{07287E82-C668-4827-83DF-221E7143453F}.Release|Any CPU.ActiveCfg = Release|Any CPU
		{07287E82-C668-4827-83DF-221E7143453F}.Release|Any CPU.Build.0 = Release|Any CPU
	EndGlobalSection
EndGlobal
